// !$*UTF8*$!
{
	archiveVersion = 1;
	classes = {
	};
	objectVersion = 50;
	objects = {

/* Begin PBXBuildFile section */
		211E79352510B9D700723A1B /* AppDelegate.m in Sources */ = {isa = PBXBuildFile; fileRef = 211E79342510B9D700723A1B /* AppDelegate.m */; };
		211E79382510B9D700723A1B /* SceneDelegate.m in Sources */ = {isa = PBXBuildFile; fileRef = 211E79372510B9D700723A1B /* SceneDelegate.m */; };
		211E793B2510B9D700723A1B /* ViewController.m in Sources */ = {isa = PBXBuildFile; fileRef = 211E793A2510B9D700723A1B /* ViewController.m */; };
		211E793E2510B9D700723A1B /* Main.storyboard in Resources */ = {isa = PBXBuildFile; fileRef = 211E793C2510B9D700723A1B /* Main.storyboard */; };
		211E79402510B9DB00723A1B /* Assets.xcassets in Resources */ = {isa = PBXBuildFile; fileRef = 211E793F2510B9DB00723A1B /* Assets.xcassets */; };
		211E79432510B9DB00723A1B /* LaunchScreen.storyboard in Resources */ = {isa = PBXBuildFile; fileRef = 211E79412510B9DB00723A1B /* LaunchScreen.storyboard */; };
		211E79462510B9DB00723A1B /* main.m in Sources */ = {isa = PBXBuildFile; fileRef = 211E79452510B9DB00723A1B /* main.m */; };
		211E79502510B9DB00723A1B /* ios_netHelperTests.m in Sources */ = {isa = PBXBuildFile; fileRef = 211E794F2510B9DB00723A1B /* ios_netHelperTests.m */; };
		211E795B2510B9DB00723A1B /* ios_netHelperUITests.m in Sources */ = {isa = PBXBuildFile; fileRef = 211E795A2510B9DB00723A1B /* ios_netHelperUITests.m */; };
		211E796B2510BA5800723A1B /* DNSHelper.m in Sources */ = {isa = PBXBuildFile; fileRef = 211E796A2510BA5800723A1B /* DNSHelper.m */; };
		211E796E2510DD4000723A1B /* GetHostData.m in Sources */ = {isa = PBXBuildFile; fileRef = 211E796D2510DD4000723A1B /* GetHostData.m */; };
/* End PBXBuildFile section */

/* Begin PBXContainerItemProxy section */
		211E794C2510B9DB00723A1B /* PBXContainerItemProxy */ = {
			isa = PBXContainerItemProxy;
			containerPortal = 211E79282510B9D700723A1B /* Project object */;
			proxyType = 1;
			remoteGlobalIDString = 211E792F2510B9D700723A1B;
			remoteInfo = "ios-netHelper";
		};
		211E79572510B9DB00723A1B /* PBXContainerItemProxy */ = {
			isa = PBXContainerItemProxy;
			containerPortal = 211E79282510B9D700723A1B /* Project object */;
			proxyType = 1;
			remoteGlobalIDString = 211E792F2510B9D700723A1B;
			remoteInfo = "ios-netHelper";
		};
/* End PBXContainerItemProxy section */

/* Begin PBXFileReference section */
		211E79302510B9D700723A1B /* ios-netHelper.app */ = {isa = PBXFileReference; explicitFileType = wrapper.application; includeInIndex = 0; path = "ios-netHelper.app"; sourceTree = BUILT_PRODUCTS_DIR; };
		211E79332510B9D700723A1B /* AppDelegate.h */ = {isa = PBXFileReference; lastKnownFileType = sourcecode.c.h; path = AppDelegate.h; sourceTree = "<group>"; };
		211E79342510B9D700723A1B /* AppDelegate.m */ = {isa = PBXFileReference; lastKnownFileType = sourcecode.c.objc; path = AppDelegate.m; sourceTree = "<group>"; };
		211E79362510B9D700723A1B /* SceneDelegate.h */ = {isa = PBXFileReference; lastKnownFileType = sourcecode.c.h; path = SceneDelegate.h; sourceTree = "<group>"; };
		211E79372510B9D700723A1B /* SceneDelegate.m */ = {isa = PBXFileReference; lastKnownFileType = sourcecode.c.objc; path = SceneDelegate.m; sourceTree = "<group>"; };
		211E79392510B9D700723A1B /* ViewController.h */ = {isa = PBXFileReference; lastKnownFileType = sourcecode.c.h; path = ViewController.h; sourceTree = "<group>"; };
		211E793A2510B9D700723A1B /* ViewController.m */ = {isa = PBXFileReference; lastKnownFileType = sourcecode.c.objc; path = ViewController.m; sourceTree = "<group>"; };
		211E793D2510B9D700723A1B /* Base */ = {isa = PBXFileReference; lastKnownFileType = file.storyboard; name = Base; path = Base.lproj/Main.storyboard; sourceTree = "<group>"; };
		211E793F2510B9DB00723A1B /* Assets.xcassets */ = {isa = PBXFileReference; lastKnownFileType = folder.assetcatalog; path = Assets.xcassets; sourceTree = "<group>"; };
		211E79422510B9DB00723A1B /* Base */ = {isa = PBXFileReference; lastKnownFileType = file.storyboard; name = Base; path = Base.lproj/LaunchScreen.storyboard; sourceTree = "<group>"; };
		211E79442510B9DB00723A1B /* Info.plist */ = {isa = PBXFileReference; lastKnownFileType = text.plist.xml; path = Info.plist; sourceTree = "<group>"; };
		211E79452510B9DB00723A1B /* main.m */ = {isa = PBXFileReference; lastKnownFileType = sourcecode.c.objc; path = main.m; sourceTree = "<group>"; };
		211E794B2510B9DB00723A1B /* ios-netHelperTests.xctest */ = {isa = PBXFileReference; explicitFileType = wrapper.cfbundle; includeInIndex = 0; path = "ios-netHelperTests.xctest"; sourceTree = BUILT_PRODUCTS_DIR; };
		211E794F2510B9DB00723A1B /* ios_netHelperTests.m */ = {isa = PBXFileReference; lastKnownFileType = sourcecode.c.objc; path = ios_netHelperTests.m; sourceTree = "<group>"; };
		211E79512510B9DB00723A1B /* Info.plist */ = {isa = PBXFileReference; lastKnownFileType = text.plist.xml; path = Info.plist; sourceTree = "<group>"; };
		211E79562510B9DB00723A1B /* ios-netHelperUITests.xctest */ = {isa = PBXFileReference; explicitFileType = wrapper.cfbundle; includeInIndex = 0; path = "ios-netHelperUITests.xctest"; sourceTree = BUILT_PRODUCTS_DIR; };
		211E795A2510B9DB00723A1B /* ios_netHelperUITests.m */ = {isa = PBXFileReference; lastKnownFileType = sourcecode.c.objc; path = ios_netHelperUITests.m; sourceTree = "<group>"; };
		211E795C2510B9DB00723A1B /* Info.plist */ = {isa = PBXFileReference; lastKnownFileType = text.plist.xml; path = Info.plist; sourceTree = "<group>"; };
		211E79692510BA5800723A1B /* DNSHelper.h */ = {isa = PBXFileReference; lastKnownFileType = sourcecode.c.h; path = DNSHelper.h; sourceTree = "<group>"; };
		211E796A2510BA5800723A1B /* DNSHelper.m */ = {isa = PBXFileReference; lastKnownFileType = sourcecode.c.objc; path = DNSHelper.m; sourceTree = "<group>"; };
		211E796C2510DD4000723A1B /* GetHostData.h */ = {isa = PBXFileReference; lastKnownFileType = sourcecode.c.h; path = GetHostData.h; sourceTree = "<group>"; };
		211E796D2510DD4000723A1B /* GetHostData.m */ = {isa = PBXFileReference; lastKnownFileType = sourcecode.c.objc; path = GetHostData.m; sourceTree = "<group>"; };
/* End PBXFileReference section */

/* Begin PBXFrameworksBuildPhase section */
		211E792D2510B9D700723A1B /* Frameworks */ = {
			isa = PBXFrameworksBuildPhase;
			buildActionMask = 2147483647;
			files = (
			);
			runOnlyForDeploymentPostprocessing = 0;
		};
		211E79482510B9DB00723A1B /* Frameworks */ = {
			isa = PBXFrameworksBuildPhase;
			buildActionMask = 2147483647;
			files = (
			);
			runOnlyForDeploymentPostprocessing = 0;
		};
		211E79532510B9DB00723A1B /* Frameworks */ = {
			isa = PBXFrameworksBuildPhase;
			buildActionMask = 2147483647;
			files = (
			);
			runOnlyForDeploymentPostprocessing = 0;
		};
/* End PBXFrameworksBuildPhase section */

/* Begin PBXGroup section */
		211E79272510B9D700723A1B = {
			isa = PBXGroup;
			children = (
				211E79322510B9D700723A1B /* ios-netHelper */,
				211E794E2510B9DB00723A1B /* ios-netHelperTests */,
				211E79592510B9DB00723A1B /* ios-netHelperUITests */,
				211E79312510B9D700723A1B /* Products */,
			);
			sourceTree = "<group>";
		};
		211E79312510B9D700723A1B /* Products */ = {
			isa = PBXGroup;
			children = (
				211E79302510B9D700723A1B /* ios-netHelper.app */,
				211E794B2510B9DB00723A1B /* ios-netHelperTests.xctest */,
				211E79562510B9DB00723A1B /* ios-netHelperUITests.xctest */,
			);
			name = Products;
			sourceTree = "<group>";
		};
		211E79322510B9D700723A1B /* ios-netHelper */ = {
			isa = PBXGroup;
			children = (
				211E79332510B9D700723A1B /* AppDelegate.h */,
				211E79342510B9D700723A1B /* AppDelegate.m */,
				211E79362510B9D700723A1B /* SceneDelegate.h */,
				211E79372510B9D700723A1B /* SceneDelegate.m */,
				211E79392510B9D700723A1B /* ViewController.h */,
				211E793A2510B9D700723A1B /* ViewController.m */,
				211E79682510BA4200723A1B /* DNS */,
				211E793C2510B9D700723A1B /* Main.storyboard */,
				211E793F2510B9DB00723A1B /* Assets.xcassets */,
				211E79412510B9DB00723A1B /* LaunchScreen.storyboard */,
				211E79442510B9DB00723A1B /* Info.plist */,
				211E79452510B9DB00723A1B /* main.m */,
			);
			path = "ios-netHelper";
			sourceTree = "<group>";
		};
		211E794E2510B9DB00723A1B /* ios-netHelperTests */ = {
			isa = PBXGroup;
			children = (
				211E794F2510B9DB00723A1B /* ios_netHelperTests.m */,
				211E79512510B9DB00723A1B /* Info.plist */,
			);
			path = "ios-netHelperTests";
			sourceTree = "<group>";
		};
		211E79592510B9DB00723A1B /* ios-netHelperUITests */ = {
			isa = PBXGroup;
			children = (
				211E795A2510B9DB00723A1B /* ios_netHelperUITests.m */,
				211E795C2510B9DB00723A1B /* Info.plist */,
			);
			path = "ios-netHelperUITests";
			sourceTree = "<group>";
		};
		211E79682510BA4200723A1B /* DNS */ = {
			isa = PBXGroup;
			children = (
				211E79692510BA5800723A1B /* DNSHelper.h */,
				211E796A2510BA5800723A1B /* DNSHelper.m */,
				211E796C2510DD4000723A1B /* GetHostData.h */,
				211E796D2510DD4000723A1B /* GetHostData.m */,
			);
			path = DNS;
			sourceTree = "<group>";
		};
/* End PBXGroup section */

/* Begin PBXNativeTarget section */
		211E792F2510B9D700723A1B /* ios-netHelper */ = {
			isa = PBXNativeTarget;
			buildConfigurationList = 211E795F2510B9DB00723A1B /* Build configuration list for PBXNativeTarget "ios-netHelper" */;
			buildPhases = (
				211E792C2510B9D700723A1B /* Sources */,
				211E792D2510B9D700723A1B /* Frameworks */,
				211E792E2510B9D700723A1B /* Resources */,
			);
			buildRules = (
			);
			dependencies = (
			);
			name = "ios-netHelper";
			productName = "ios-netHelper";
			productReference = 211E79302510B9D700723A1B /* ios-netHelper.app */;
			productType = "com.apple.product-type.application";
		};
		211E794A2510B9DB00723A1B /* ios-netHelperTests */ = {
			isa = PBXNativeTarget;
			buildConfigurationList = 211E79622510B9DB00723A1B /* Build configuration list for PBXNativeTarget "ios-netHelperTests" */;
			buildPhases = (
				211E79472510B9DB00723A1B /* Sources */,
				211E79482510B9DB00723A1B /* Frameworks */,
				211E79492510B9DB00723A1B /* Resources */,
			);
			buildRules = (
			);
			dependencies = (
				211E794D2510B9DB00723A1B /* PBXTargetDependency */,
			);
			name = "ios-netHelperTests";
			productName = "ios-netHelperTests";
			productReference = 211E794B2510B9DB00723A1B /* ios-netHelperTests.xctest */;
			productType = "com.apple.product-type.bundle.unit-test";
		};
		211E79552510B9DB00723A1B /* ios-netHelperUITests */ = {
			isa = PBXNativeTarget;
			buildConfigurationList = 211E79652510B9DB00723A1B /* Build configuration list for PBXNativeTarget "ios-netHelperUITests" */;
			buildPhases = (
				211E79522510B9DB00723A1B /* Sources */,
				211E79532510B9DB00723A1B /* Frameworks */,
				211E79542510B9DB00723A1B /* Resources */,
			);
			buildRules = (
			);
			dependencies = (
				211E79582510B9DB00723A1B /* PBXTargetDependency */,
			);
			name = "ios-netHelperUITests";
			productName = "ios-netHelperUITests";
			productReference = 211E79562510B9DB00723A1B /* ios-netHelperUITests.xctest */;
			productType = "com.apple.product-type.bundle.ui-testing";
		};
/* End PBXNativeTarget section */

/* Begin PBXProject section */
		211E79282510B9D700723A1B /* Project object */ = {
			isa = PBXProject;
			attributes = {
				LastUpgradeCheck = 1160;
				ORGANIZATIONNAME = zhaohongbo;
				TargetAttributes = {
					211E792F2510B9D700723A1B = {
						CreatedOnToolsVersion = 11.6;
					};
					211E794A2510B9DB00723A1B = {
						CreatedOnToolsVersion = 11.6;
						TestTargetID = 211E792F2510B9D700723A1B;
					};
					211E79552510B9DB00723A1B = {
						CreatedOnToolsVersion = 11.6;
						TestTargetID = 211E792F2510B9D700723A1B;
					};
				};
			};
			buildConfigurationList = 211E792B2510B9D700723A1B /* Build configuration list for PBXProject "ios-netHelper" */;
			compatibilityVersion = "Xcode 9.3";
			developmentRegion = en;
			hasScannedForEncodings = 0;
			knownRegions = (
				en,
				Base,
			);
			mainGroup = 211E79272510B9D700723A1B;
			productRefGroup = 211E79312510B9D700723A1B /* Products */;
			projectDirPath = "";
			projectRoot = "";
			targets = (
				211E792F2510B9D700723A1B /* ios-netHelper */,
				211E794A2510B9DB00723A1B /* ios-netHelperTests */,
				211E79552510B9DB00723A1B /* ios-netHelperUITests */,
			);
		};
/* End PBXProject section */

/* Begin PBXResourcesBuildPhase section */
		211E792E2510B9D700723A1B /* Resources */ = {
			isa = PBXResourcesBuildPhase;
			buildActionMask = 2147483647;
			files = (
				211E79432510B9DB00723A1B /* LaunchScreen.storyboard in Resources */,
				211E79402510B9DB00723A1B /* Assets.xcassets in Resources */,
				211E793E2510B9D700723A1B /* Main.storyboard in Resources */,
			);
			runOnlyForDeploymentPostprocessing = 0;
		};
		211E79492510B9DB00723A1B /* Resources */ = {
			isa = PBXResourcesBuildPhase;
			buildActionMask = 2147483647;
			files = (
			);
			runOnlyForDeploymentPostprocessing = 0;
		};
		211E79542510B9DB00723A1B /* Resources */ = {
			isa = PBXResourcesBuildPhase;
			buildActionMask = 2147483647;
			files = (
			);
			runOnlyForDeploymentPostprocessing = 0;
		};
/* End PBXResourcesBuildPhase section */

/* Begin PBXSourcesBuildPhase section */
		211E792C2510B9D700723A1B /* Sources */ = {
			isa = PBXSourcesBuildPhase;
			buildActionMask = 2147483647;
			files = (
				211E793B2510B9D700723A1B /* ViewController.m in Sources */,
				211E79352510B9D700723A1B /* AppDelegate.m in Sources */,
				211E796E2510DD4000723A1B /* GetHostData.m in Sources */,
				211E79462510B9DB00723A1B /* main.m in Sources */,
				211E79382510B9D700723A1B /* SceneDelegate.m in Sources */,
				211E796B2510BA5800723A1B /* DNSHelper.m in Sources */,
			);
			runOnlyForDeploymentPostprocessing = 0;
		};
		211E79472510B9DB00723A1B /* Sources */ = {
			isa = PBXSourcesBuildPhase;
			buildActionMask = 2147483647;
			files = (
				211E79502510B9DB00723A1B /* ios_netHelperTests.m in Sources */,
			);
			runOnlyForDeploymentPostprocessing = 0;
		};
		211E79522510B9DB00723A1B /* Sources */ = {
			isa = PBXSourcesBuildPhase;
			buildActionMask = 2147483647;
			files = (
				211E795B2510B9DB00723A1B /* ios_netHelperUITests.m in Sources */,
			);
			runOnlyForDeploymentPostprocessing = 0;
		};
/* End PBXSourcesBuildPhase section */

/* Begin PBXTargetDependency section */
		211E794D2510B9DB00723A1B /* PBXTargetDependency */ = {
			isa = PBXTargetDependency;
			target = 211E792F2510B9D700723A1B /* ios-netHelper */;
			targetProxy = 211E794C2510B9DB00723A1B /* PBXContainerItemProxy */;
		};
		211E79582510B9DB00723A1B /* PBXTargetDependency */ = {
			isa = PBXTargetDependency;
			target = 211E792F2510B9D700723A1B /* ios-netHelper */;
			targetProxy = 211E79572510B9DB00723A1B /* PBXContainerItemProxy */;
		};
/* End PBXTargetDependency section */

/* Begin PBXVariantGroup section */
		211E793C2510B9D700723A1B /* Main.storyboard */ = {
			isa = PBXVariantGroup;
			children = (
				211E793D2510B9D700723A1B /* Base */,
			);
			name = Main.storyboard;
			sourceTree = "<group>";
		};
		211E79412510B9DB00723A1B /* LaunchScreen.storyboard */ = {
			isa = PBXVariantGroup;
			children = (
				211E79422510B9DB00723A1B /* Base */,
			);
			name = LaunchScreen.storyboard;
			sourceTree = "<group>";
		};
/* End PBXVariantGroup section */

/* Begin XCBuildConfiguration section */
		211E795D2510B9DB00723A1B /* Debug */ = {
			isa = XCBuildConfiguration;
			buildSettings = {
				ALWAYS_SEARCH_USER_PATHS = NO;
				CLANG_ANALYZER_NONNULL = YES;
				CLANG_ANALYZER_NUMBER_OBJECT_CONVERSION = YES_AGGRESSIVE;
				CLANG_CXX_LANGUAGE_STANDARD = "gnu++14";
				CLANG_CXX_LIBRARY = "libc++";
				CLANG_ENABLE_MODULES = YES;
				CLANG_ENABLE_OBJC_ARC = YES;
				CLANG_ENABLE_OBJC_WEAK = YES;
				CLANG_WARN_BLOCK_CAPTURE_AUTORELEASING = YES;
				CLANG_WARN_BOOL_CONVERSION = YES;
				CLANG_WARN_COMMA = YES;
				CLANG_WARN_CONSTANT_CONVERSION = YES;
				CLANG_WARN_DEPRECATED_OBJC_IMPLEMENTATIONS = YES;
				CLANG_WARN_DIRECT_OBJC_ISA_USAGE = YES_ERROR;
				CLANG_WARN_DOCUMENTATION_COMMENTS = YES;
				CLANG_WARN_EMPTY_BODY = YES;
				CLANG_WARN_ENUM_CONVERSION = YES;
				CLANG_WARN_INFINITE_RECURSION = YES;
				CLANG_WARN_INT_CONVERSION = YES;
				CLANG_WARN_NON_LITERAL_NULL_CONVERSION = YES;
				CLANG_WARN_OBJC_IMPLICIT_RETAIN_SELF = YES;
				CLANG_WARN_OBJC_LITERAL_CONVERSION = YES;
				CLANG_WARN_OBJC_ROOT_CLASS = YES_ERROR;
				CLANG_WARN_RANGE_LOOP_ANALYSIS = YES;
				CLANG_WARN_STRICT_PROTOTYPES = YES;
				CLANG_WARN_SUSPICIOUS_MOVE = YES;
				CLANG_WARN_UNGUARDED_AVAILABILITY = YES_AGGRESSIVE;
				CLANG_WARN_UNREACHABLE_CODE = YES;
				CLANG_WARN__DUPLICATE_METHOD_MATCH = YES;
				COPY_PHASE_STRIP = NO;
				DEBUG_INFORMATION_FORMAT = dwarf;
				ENABLE_STRICT_OBJC_MSGSEND = YES;
				ENABLE_TESTABILITY = YES;
				GCC_C_LANGUAGE_STANDARD = gnu11;
				GCC_DYNAMIC_NO_PIC = NO;
				GCC_NO_COMMON_BLOCKS = YES;
				GCC_OPTIMIZATION_LEVEL = 0;
				GCC_PREPROCESSOR_DEFINITIONS = (
					"DEBUG=1",
					"$(inherited)",
				);
				GCC_WARN_64_TO_32_BIT_CONVERSION = YES;
				GCC_WARN_ABOUT_RETURN_TYPE = YES_ERROR;
				GCC_WARN_UNDECLARED_SELECTOR = YES;
				GCC_WARN_UNINITIALIZED_AUTOS = YES_AGGRESSIVE;
				GCC_WARN_UNUSED_FUNCTION = YES;
				GCC_WARN_UNUSED_VARIABLE = YES;
				IPHONEOS_DEPLOYMENT_TARGET = 13.6;
				MTL_ENABLE_DEBUG_INFO = INCLUDE_SOURCE;
				MTL_FAST_MATH = YES;
				ONLY_ACTIVE_ARCH = YES;
				SDKROOT = iphoneos;
			};
			name = Debug;
		};
		211E795E2510B9DB00723A1B /* Release */ = {
			isa = XCBuildConfiguration;
			buildSettings = {
				ALWAYS_SEARCH_USER_PATHS = NO;
				CLANG_ANALYZER_NONNULL = YES;
				CLANG_ANALYZER_NUMBER_OBJECT_CONVERSION = YES_AGGRESSIVE;
				CLANG_CXX_LANGUAGE_STANDARD = "gnu++14";
				CLANG_CXX_LIBRARY = "libc++";
				CLANG_ENABLE_MODULES = YES;
				CLANG_ENABLE_OBJC_ARC = YES;
				CLANG_ENABLE_OBJC_WEAK = YES;
				CLANG_WARN_BLOCK_CAPTURE_AUTORELEASING = YES;
				CLANG_WARN_BOOL_CONVERSION = YES;
				CLANG_WARN_COMMA = YES;
				CLANG_WARN_CONSTANT_CONVERSION = YES;
				CLANG_WARN_DEPRECATED_OBJC_IMPLEMENTATIONS = YES;
				CLANG_WARN_DIRECT_OBJC_ISA_USAGE = YES_ERROR;
				CLANG_WARN_DOCUMENTATION_COMMENTS = YES;
				CLANG_WARN_EMPTY_BODY = YES;
				CLANG_WARN_ENUM_CONVERSION = YES;
				CLANG_WARN_INFINITE_RECURSION = YES;
				CLANG_WARN_INT_CONVERSION = YES;
				CLANG_WARN_NON_LITERAL_NULL_CONVERSION = YES;
				CLANG_WARN_OBJC_IMPLICIT_RETAIN_SELF = YES;
				CLANG_WARN_OBJC_LITERAL_CONVERSION = YES;
				CLANG_WARN_OBJC_ROOT_CLASS = YES_ERROR;
				CLANG_WARN_RANGE_LOOP_ANALYSIS = YES;
				CLANG_WARN_STRICT_PROTOTYPES = YES;
				CLANG_WARN_SUSPICIOUS_MOVE = YES;
				CLANG_WARN_UNGUARDED_AVAILABILITY = YES_AGGRESSIVE;
				CLANG_WARN_UNREACHABLE_CODE = YES;
				CLANG_WARN__DUPLICATE_METHOD_MATCH = YES;
				COPY_PHASE_STRIP = NO;
				DEBUG_INFORMATION_FORMAT = "dwarf-with-dsym";
				ENABLE_NS_ASSERTIONS = NO;
				ENABLE_STRICT_OBJC_MSGSEND = YES;
				GCC_C_LANGUAGE_STANDARD = gnu11;
				GCC_NO_COMMON_BLOCKS = YES;
				GCC_WARN_64_TO_32_BIT_CONVERSION = YES;
				GCC_WARN_ABOUT_RETURN_TYPE = YES_ERROR;
				GCC_WARN_UNDECLARED_SELECTOR = YES;
				GCC_WARN_UNINITIALIZED_AUTOS = YES_AGGRESSIVE;
				GCC_WARN_UNUSED_FUNCTION = YES;
				GCC_WARN_UNUSED_VARIABLE = YES;
				IPHONEOS_DEPLOYMENT_TARGET = 13.6;
				MTL_ENABLE_DEBUG_INFO = NO;
				MTL_FAST_MATH = YES;
				SDKROOT = iphoneos;
				VALIDATE_PRODUCT = YES;
			};
			name = Release;
		};
		211E79602510B9DB00723A1B /* Debug */ = {
			isa = XCBuildConfiguration;
			buildSettings = {
				ASSETCATALOG_COMPILER_APPICON_NAME = AppIcon;
				CODE_SIGN_STYLE = Automatic;
				DEVELOPMENT_TEAM = NKUDCJR2N3;
				INFOPLIST_FILE = "ios-netHelper/Info.plist";
				LD_RUNPATH_SEARCH_PATHS = (
					"$(inherited)",
					"@executable_path/Frameworks",
				);
				PRODUCT_BUNDLE_IDENTIFIER = "com.zhaohongbo.ios-netHelper";
				PRODUCT_NAME = "$(TARGET_NAME)";
				TARGETED_DEVICE_FAMILY = "1,2";
			};
			name = Debug;
		};
		211E79612510B9DB00723A1B /* Release */ = {
			isa = XCBuildConfiguration;
			buildSettings = {
				ASSETCATALOG_COMPILER_APPICON_NAME = AppIcon;
				CODE_SIGN_STYLE = Automatic;
				DEVELOPMENT_TEAM = NKUDCJR2N3;
				INFOPLIST_FILE = "ios-netHelper/Info.plist";
				LD_RUNPATH_SEARCH_PATHS = (
					"$(inherited)",
					"@executable_path/Frameworks",
				);
				PRODUCT_BUNDLE_IDENTIFIER = "com.zhaohongbo.ios-netHelper";
				PRODUCT_NAME = "$(TARGET_NAME)";
				TARGETED_DEVICE_FAMILY = "1,2";
			};
			name = Release;
		};
		211E79632510B9DB00723A1B /* Debug */ = {
			isa = XCBuildConfiguration;
			buildSettings = {
				BUNDLE_LOADER = "$(TEST_HOST)";
				CODE_SIGN_STYLE = Automatic;
				DEVELOPMENT_TEAM = NKUDCJR2N3;
				INFOPLIST_FILE = "ios-netHelperTests/Info.plist";
				IPHONEOS_DEPLOYMENT_TARGET = 13.6;
				LD_RUNPATH_SEARCH_PATHS = (
					"$(inherited)",
					"@executable_path/Frameworks",
					"@loader_path/Frameworks",
				);
				PRODUCT_BUNDLE_IDENTIFIER = "com.zhaohongbo.ios-netHelperTests";
				PRODUCT_NAME = "$(TARGET_NAME)";
				TARGETED_DEVICE_FAMILY = "1,2";
				TEST_HOST = "$(BUILT_PRODUCTS_DIR)/ios-netHelper.app/ios-netHelper";
			};
			name = Debug;
		};
		211E79642510B9DB00723A1B /* Release */ = {
			isa = XCBuildConfiguration;
			buildSettings = {
				BUNDLE_LOADER = "$(TEST_HOST)";
				CODE_SIGN_STYLE = Automatic;
				DEVELOPMENT_TEAM = NKUDCJR2N3;
				INFOPLIST_FILE = "ios-netHelperTests/Info.plist";
				IPHONEOS_DEPLOYMENT_TARGET = 13.6;
				LD_RUNPATH_SEARCH_PATHS = (
					"$(inherited)",
					"@executable_path/Frameworks",
					"@loader_path/Frameworks",
				);
				PRODUCT_BUNDLE_IDENTIFIER = "com.zhaohongbo.ios-netHelperTests";
				PRODUCT_NAME = "$(TARGET_NAME)";
				TARGETED_DEVICE_FAMILY = "1,2";
				TEST_HOST = "$(BUILT_PRODUCTS_DIR)/ios-netHelper.app/ios-netHelper";
			};
			name = Release;
		};
		211E79662510B9DB00723A1B /* Debug */ = {
			isa = XCBuildConfiguration;
			buildSettings = {
				CODE_SIGN_STYLE = Automatic;
				DEVELOPMENT_TEAM = NKUDCJR2N3;
				INFOPLIST_FILE = "ios-netHelperUITests/Info.plist";
				LD_RUNPATH_SEARCH_PATHS = (
					"$(inherited)",
					"@executable_path/Frameworks",
					"@loader_path/Frameworks",
				);
				PRODUCT_BUNDLE_IDENTIFIER = "com.zhaohongbo.ios-netHelperUITests";
				PRODUCT_NAME = "$(TARGET_NAME)";
				TARGETED_DEVICE_FAMILY = "1,2";
				TEST_TARGET_NAME = "ios-netHelper";
			};
			name = Debug;
		};
		211E79672510B9DB00723A1B /* Release */ = {
			isa = XCBuildConfiguration;
			buildSettings = {
				CODE_SIGN_STYLE = Automatic;
				DEVELOPMENT_TEAM = NKUDCJR2N3;
				INFOPLIST_FILE = "ios-netHelperUITests/Info.plist";
				LD_RUNPATH_SEARCH_PATHS = (
					"$(inherited)",
					"@executable_path/Frameworks",
					"@loader_path/Frameworks",
				);
				PRODUCT_BUNDLE_IDENTIFIER = "com.zhaohongbo.ios-netHelperUITests";
				PRODUCT_NAME = "$(TARGET_NAME)";
				TARGETED_DEVICE_FAMILY = "1,2";
				TEST_TARGET_NAME = "ios-netHelper";
			};
			name = Release;
		};
/* End XCBuildConfiguration section */

/* Begin XCConfigurationList section */
		211E792B2510B9D700723A1B /* Build configuration list for PBXProject "ios-netHelper" */ = {
			isa = XCConfigurationList;
			buildConfigurations = (
				211E795D2510B9DB00723A1B /* Debug */,
				211E795E2510B9DB00723A1B /* Release */,
			);
			defaultConfigurationIsVisible = 0;
			defaultConfigurationName = Release;
		};
		211E795F2510B9DB00723A1B /* Build configuration list for PBXNativeTarget "ios-netHelper" */ = {
			isa = XCConfigurationList;
			buildConfigurations = (
				211E79602510B9DB00723A1B /* Debug */,
				211E79612510B9DB00723A1B /* Release */,
			);
			defaultConfigurationIsVisible = 0;
			defaultConfigurationName = Release;
		};
		211E79622510B9DB00723A1B /* Build configuration list for PBXNativeTarget "ios-netHelperTests" */ = {
			isa = XCConfigurationList;
			buildConfigurations = (
				211E79632510B9DB00723A1B /* Debug */,
				211E79642510B9DB00723A1B /* Release */,
			);
			defaultConfigurationIsVisible = 0;
			defaultConfigurationName = Release;
		};
		211E79652510B9DB00723A1B /* Build configuration list for PBXNativeTarget "ios-netHelperUITests" */ = {
			isa = XCConfigurationList;
			buildConfigurations = (
				211E79662510B9DB00723A1B /* Debug */,
				211E79672510B9DB00723A1B /* Release */,
			);
			defaultConfigurationIsVisible = 0;
			defaultConfigurationName = Release;
		};
/* End XCConfigurationList section */
	};
	rootObject = 211E79282510B9D700723A1B /* Project object */;
}
